github.com/utkarsh-singh07/hanuman v0.0.0-20230927120247-7d054ede0a5d h1:NClQNczDzpwRzCkFZ1xgixsyfq0O84pAgWVWFIayyk8=
github.com/utkarsh-singh07/hanuman v0.0.0-20230927120247-7d054ede0a5d/go.mod h1:9s7rkEzLD4vxQkol1rEo6LJPRN38brioNdudQIDEVMQ=
github.com/utkarsh-singh07/maruti v0.0.0-20230927140855-058a28b5b7a6 h1:juKtDAnAGuHwfmfHh5jXVpmpY5Y6kkzcNUnkc9PVvmE=
github.com/utkarsh-singh07/maruti v0.0.0-20230927140855-058a28b5b7a6/go.mod h1:2INrcOytwC++f9q0IxuVhbUP6YqndyFYaxQIFZE3od0=
gitlab.com/d3vus/go-pkgs v0.0.0-20231122072934-476c91417899 h1:B7nTHx4npDRj+6gsIO86T/CaVtR+AjD+F0Utamc4TKE=
gitlab.com/d3vus/go-pkgs v0.0.0-20231122072934-476c91417899/go.mod h1:87M4m8ovXEX31onGBHA8IfJbmrxrpeiCJGE1gjc1jiY=
golang.org/x/exp v0.0.0-20231226003508-02704c960a9b h1:kLiC65FbiHWFAOu+lxwNPujcsl8VYyTYYEZnsOO1WK4=
golang.org/x/exp v0.0.0-20231226003508-02704c960a9b/go.mod h1:iRJReGqOEeBhDZGkGbynYwcHlctCvnjTYIamk7uXpHI=
